
Microsoft Visual Studio Solution File, Format Version 12.00
# Visual Studio Version 16
VisualStudioVersion = 16.0.30204.135
MinimumVisualStudioVersion = 10.0.40219.1
Project("{9A19103F-16F7-4668-BE54-9A1E7A4F7556}") = "FawryAPI", "FawryAPI\FawryAPI.csproj", "{385D8CC7-9350-4ACB-8944-FF4C1358FE22}"
EndProject
Project("{9A19103F-16F7-4668-BE54-9A1E7A4F7556}") = "FawryAPIUnitTest", "FawryAPIUnitTest\FawryAPIUnitTest.csproj", "{FDF1B702-BEE6-4C07-9218-9EA866E16CA3}"
EndProject
Global
	GlobalSection(SolutionConfigurationPlatforms) = preSolution
		Debug|Any CPU = Debug|Any CPU
		Release|Any CPU = Release|Any CPU
	EndGlobalSection
	GlobalSection(ProjectConfigurationPlatforms) = postSolution
		{385D8CC7-9350-4ACB-8944-FF4C1358FE22}.Debug|Any CPU.ActiveCfg = Debug|Any CPU
		{385D8CC7-9350-4ACB-8944-FF4C1358FE22}.Debug|Any CPU.Build.0 = Debug|Any CPU
		{385D8CC7-9350-4ACB-8944-FF4C1358FE22}.Release|Any CPU.ActiveCfg = Release|Any CPU
		{385D8CC7-9350-4ACB-8944-FF4C1358FE22}.Release|Any CPU.Build.0 = Release|Any CPU
		{FDF1B702-BEE6-4C07-9218-9EA866E16CA3}.Debug|Any CPU.ActiveCfg = Debug|Any CPU
		{FDF1B702-BEE6-4C07-9218-9EA866E16CA3}.Debug|Any CPU.Build.0 = Debug|Any CPU
		{FDF1B702-BEE6-4C07-9218-9EA866E16CA3}.Release|Any CPU.ActiveCfg = Release|Any CPU
		{FDF1B702-BEE6-4C07-9218-9EA866E16CA3}.Release|Any CPU.Build.0 = Release|Any CPU
	EndGlobalSection
	GlobalSection(SolutionProperties) = preSolution
		HideSolutionNode = FALSE
	EndGlobalSection
	GlobalSection(ExtensibilityGlobals) = postSolution
		SolutionGuid = {3CAA3A2B-F8A2-43F5-8561-70FB526B2B18}
	EndGlobalSection
EndGlobal
